<?xml version="1.0" encoding="UTF-8" standalone="yes"?>
<CodeBlocks_project_file>
<FileVersion major="1" minor="6" />
<Project>
<Option title="br34_uboot" />
<Option compiler="pi32v2_r3_lto_compiler" />
<Build>
<Target title="Release">
<Option output="../../cpu/br34/output/uboot.elf" prefix_auto="0" extension_auto="0" />
<Option object_output="obj/Release/" />
<Option type="1" />
<Option compiler="pi32v2_r3_lto_compiler" />
<Compiler>
<Add option="-Werror=implicit-function-declaration" />
<Add option="-Werror=macro-redefined" />
<Add option="-Werror=return-type" />
<Add option="-Werror=int-conversion" />
<Add option="-integrated-as" />
<Add option="-fallow-pointer-null" />
<Add option="-fno-common" />
<Add option="-flto" />
<Add option="-Oz" />
<Add option="-Wno-format" />
<Add option="-Wno-main-return-type" />
<Add option="-Wno-unused-value" />
<Add option="-Wno-unused-function" />
<Add option="-Wno-unused-comparison" />
<Add option="-Wno-parentheses" />
<Add option="-Wno-tautological-compare" />
<Add option="-Wno-incompatible-library-redeclaration" />
<Add option="-Wno-invalid-noreturn" />
<Add option="-Wno-visibility" />
<Add option="-Wno-integer-overflow" />
<Add option="-g" />
<Add option="-D__CPU_br34" />
<Add option="-DENTRY_ADDR=0x2000" />
<Add option="-D__USE_MASK_API__" />
<Add option="-D__MASK_LZ4" />
<Add option="-D__USE_MASK_PRINTF" />
<Add directory="../../app" />
<Add directory="../../app/inc" />
<Add directory="../../include_lib" />
<Add directory="../../include_lib/common" />
<Add directory="../../include_lib/drivers" />
<Add directory="../../include_lib/drivers/norflash" />
<Add directory="../../include_lib/fs/jlfs" />
<Add directory="../../include_lib/upgrade" />
<Add directory="../../include_lib/cpu/br34" />
</Compiler>
<Linker>
<Add option="--plugin-opt=-inline-threshold=5" />
<Add option="--plugin-opt=-enable-ipra=true" />
<Add option="--plugin-opt=-pi32v2-always-use-itblock" />
<Add option="--plugin-opt=-pi32v2-merge-max-offset=64" />
<Add option="--plugin-opt=-global-merge-on-const" />
<Add option="--plugin-opt=-pi32v2-enable-simd=true" />
<Add option="--plugin-opt=-pi32v2-enable-rep-memop=true" />
<Add option="--plugin-opt=mcpu=r3" />
<Add option="--plugin-opt=save-temps" />
<Add option="--dont-complain-call-overflow" />
<Add option="--gc-sections" />
<Add option="--plugin-opt=-dont-used-symbol-list=malloc,free,sprintf,printf,puts,putchar,perror,vprintf,printi,fopen,fread,fwrite,fseek,strlen,memset,memcpy,strcpy,memmove,strcmp" />
<Add option="-M=../../cpu/br34/output/map.txt" />
<Add option="-T../../cpu/br34/output/ram.ld" />
<Add option="--start-group" />
<Add option="--whole-archive" />
<Add option="../../include_lib/liba/br34/uboot.a" />
<Add option="--no-whole-archive" />
<Add option="--end-group" />
<Add library="C:\JL\pi32\pi32v2-lib\r3\libm.a" />
</Linker>
<ExtraCommands>
<Add before="$compiler $options $includes -D__LD__ -E -P ..\..\cpu\br34\output\ram_ld.c -o ..\..\cpu\br34\output\ram.ld" />
<Mode before="always" />
<Add after="..\..\cpu\br34\output\download.bat uboot" />
<Mode after="always" />
</ExtraCommands>
</Target>
</Build>
<Unit filename="../../app/inc/user.h" />
<Unit filename="../../app/src/flash_wp.c"><Option compilerVer="CC"/></Unit>
<Unit filename="../../app/src/log_config.c"><Option compilerVer="CC"/></Unit>
<Unit filename="../../app/src/main.c"><Option compilerVer="CC"/></Unit>
<Unit filename="../../app/src/user.c"><Option compilerVer="CC"/></Unit>
<Unit filename="../../cpu/br34/delay.c"><Option compilerVer="CC"/></Unit>
<Unit filename="../../cpu/br34/uart.c"><Option compilerVer="CC"/></Unit>
<Unit filename="../../include_lib/common/atomic.h" />
<Unit filename="../../include_lib/common/common.h" />
<Unit filename="../../include_lib/common/dec.h" />
<Unit filename="../../include_lib/common/device_errno.h" />
<Unit filename="../../include_lib/common/log.h" />
<Unit filename="../../include_lib/common/printf.h" />
<Unit filename="../../include_lib/common/typedef.h" />
<Unit filename="../../include_lib/cpu/br34/clock.h" />
<Unit filename="../../include_lib/cpu/br34/cpu.h" />
<Unit filename="../../include_lib/cpu/br34/crc.h" />
<Unit filename="../../include_lib/cpu/br34/csfr.h" />
<Unit filename="../../include_lib/cpu/br34/delay.h" />
<Unit filename="../../include_lib/cpu/br34/gpio.h" />
<Unit filename="../../include_lib/cpu/br34/io_imap.h" />
<Unit filename="../../include_lib/cpu/br34/io_omap.h" />
<Unit filename="../../include_lib/cpu/br34/irq.h" />
<Unit filename="../../include_lib/cpu/br34/mask_api.h" />
<Unit filename="../../include_lib/cpu/br34/setup.h" />
<Unit filename="../../include_lib/cpu/br34/uart.h" />
<Unit filename="../../include_lib/cpu/br34/usb.h" />
<Unit filename="../../include_lib/cpu/br34/wdt.h" />
<Unit filename="../../include_lib/drivers/norflash/norflash.h" />
<Unit filename="../../include_lib/drivers/usb/ch9.h" />
<Unit filename="../../include_lib/drivers/usb/usb_phy.h" />
<Unit filename="../../include_lib/drivers/usb/usb_stack.h" />
<Unit filename="../../include_lib/drivers/usb/usb_std_class.h" />
<Unit filename="../../include_lib/fs/jlfs/jlfs.h" />
<Unit filename="../../include_lib/upgrade/upgrade.h" />
</Project>
</CodeBlocks_project_file>
